
Microsoft Visual Studio Solution File, Format Version 12.00
# Visual Studio Version 16
VisualStudioVersion = 16.0.29519.87
MinimumVisualStudioVersion = 10.0.40219.1
Project("{2150E333-8FDC-42A3-9474-1A3956D46DE8}") = "Libraries", "Libraries", "{712C4923-70CD-44B0-A5AD-2BC108ED8ED2}"
EndProject
Project("{2150E333-8FDC-42A3-9474-1A3956D46DE8}") = "Plugnis", "Plugnis", "{E0D23648-9C11-401D-846A-98539B0E937D}"
EndProject
Project("{2150E333-8FDC-42A3-9474-1A3956D46DE8}") = "Presentation", "Presentation", "{C8A1DE92-CCAB-4328-9200-849318661FDA}"
EndProject
Project("{2150E333-8FDC-42A3-9474-1A3956D46DE8}") = "Tests", "Tests", "{A1CD4691-9C28-4A2C-BD30-08F2AE9FC8FA}"
EndProject
Project("{2150E333-8FDC-42A3-9474-1A3956D46DE8}") = "Installation", "Installation", "{50F4EE3E-D70C-4791-90B9-20CB48E6F508}"
EndProject
Project("{FAE04EC0-301F-11D3-BF4B-00C04F79EFBC}") = "Eureka.Data", "Libraries\Eureka.Data\Eureka.Data.csproj", "{5277007A-D6FD-4444-A2AC-2BE4FCFC53DF}"
EndProject
Project("{FAE04EC0-301F-11D3-BF4B-00C04F79EFBC}") = "Eureka.Core", "Libraries\Eureka.Core\Eureka.Core.csproj", "{91F0E319-FE15-402A-9ED1-093987D5381E}"
EndProject
Project("{FAE04EC0-301F-11D3-BF4B-00C04F79EFBC}") = "Eureka.Forms", "Presentation\Eureka.Forms\Eureka.Forms.csproj", "{8B92B2CC-CE30-4E72-A273-764D8A7529F4}"
EndProject
Project("{FAE04EC0-301F-11D3-BF4B-00C04F79EFBC}") = "Eureka.Services", "Libraries\Eureka.Services\Eureka.Services.csproj", "{C0B5DE04-3653-4BF0-953F-9A6C8137A0B4}"
EndProject
Project("{54435603-DBB4-11D2-8724-00A0C9A8B90C}") = "Setup", "Installation\Setup\Setup.vdproj", "{1CCD508C-37ED-4178-80C2-065C76D5324D}"
EndProject
Project("{FAE04EC0-301F-11D3-BF4B-00C04F79EFBC}") = "Eureka.CNC", "Presentation\Eureka.CNC\Eureka.CNC.csproj", "{F2E85CBE-905D-4F1F-AB09-D2C0888A37E5}"
	ProjectSection(ProjectDependencies) = postProject
		{C0B5DE04-3653-4BF0-953F-9A6C8137A0B4} = {C0B5DE04-3653-4BF0-953F-9A6C8137A0B4}
		{91F0E319-FE15-402A-9ED1-093987D5381E} = {91F0E319-FE15-402A-9ED1-093987D5381E}
	EndProjectSection
EndProject
Project("{54435603-DBB4-11D2-8724-00A0C9A8B90C}") = "SetupCNC", "Installation\SetupCNC\SetupCNC.vdproj", "{C4D08B8E-49E3-4B64-AAE3-C792010F3F89}"
EndProject
Project("{9A19103F-16F7-4668-BE54-9A1E7A4F7556}") = "Eureka.DNC", "Libraries\Eureka.DNC\Eureka.DNC.csproj", "{8EB76C5D-EA4B-4825-9B03-D8CE7C96B220}"
EndProject
Project("{FAE04EC0-301F-11D3-BF4B-00C04F79EFBC}") = "Eureka.Web", "Presentation\Eureka.Web\Eureka.Web.csproj", "{830D1721-6C8A-47B5-A972-D92CE70FE7A8}"
EndProject
Global
	GlobalSection(SolutionConfigurationPlatforms) = preSolution
		Debug|Any CPU = Debug|Any CPU
		Release|Any CPU = Release|Any CPU
	EndGlobalSection
	GlobalSection(ProjectConfigurationPlatforms) = postSolution
		{5277007A-D6FD-4444-A2AC-2BE4FCFC53DF}.Debug|Any CPU.ActiveCfg = Debug|Any CPU
		{5277007A-D6FD-4444-A2AC-2BE4FCFC53DF}.Debug|Any CPU.Build.0 = Debug|Any CPU
		{5277007A-D6FD-4444-A2AC-2BE4FCFC53DF}.Release|Any CPU.ActiveCfg = Release|Any CPU
		{5277007A-D6FD-4444-A2AC-2BE4FCFC53DF}.Release|Any CPU.Build.0 = Release|Any CPU
		{91F0E319-FE15-402A-9ED1-093987D5381E}.Debug|Any CPU.ActiveCfg = Debug|Any CPU
		{91F0E319-FE15-402A-9ED1-093987D5381E}.Debug|Any CPU.Build.0 = Debug|Any CPU
		{91F0E319-FE15-402A-9ED1-093987D5381E}.Release|Any CPU.ActiveCfg = Release|Any CPU
		{91F0E319-FE15-402A-9ED1-093987D5381E}.Release|Any CPU.Build.0 = Release|Any CPU
		{8B92B2CC-CE30-4E72-A273-764D8A7529F4}.Debug|Any CPU.ActiveCfg = Debug|Any CPU
		{8B92B2CC-CE30-4E72-A273-764D8A7529F4}.Debug|Any CPU.Build.0 = Debug|Any CPU
		{8B92B2CC-CE30-4E72-A273-764D8A7529F4}.Release|Any CPU.ActiveCfg = Release|Any CPU
		{8B92B2CC-CE30-4E72-A273-764D8A7529F4}.Release|Any CPU.Build.0 = Release|Any CPU
		{C0B5DE04-3653-4BF0-953F-9A6C8137A0B4}.Debug|Any CPU.ActiveCfg = Debug|Any CPU
		{C0B5DE04-3653-4BF0-953F-9A6C8137A0B4}.Debug|Any CPU.Build.0 = Debug|Any CPU
		{C0B5DE04-3653-4BF0-953F-9A6C8137A0B4}.Release|Any CPU.ActiveCfg = Release|Any CPU
		{C0B5DE04-3653-4BF0-953F-9A6C8137A0B4}.Release|Any CPU.Build.0 = Release|Any CPU
		{1CCD508C-37ED-4178-80C2-065C76D5324D}.Debug|Any CPU.ActiveCfg = Debug
		{1CCD508C-37ED-4178-80C2-065C76D5324D}.Release|Any CPU.ActiveCfg = Release
		{F2E85CBE-905D-4F1F-AB09-D2C0888A37E5}.Debug|Any CPU.ActiveCfg = Debug|Any CPU
		{F2E85CBE-905D-4F1F-AB09-D2C0888A37E5}.Debug|Any CPU.Build.0 = Debug|Any CPU
		{F2E85CBE-905D-4F1F-AB09-D2C0888A37E5}.Release|Any CPU.ActiveCfg = Release|Any CPU
		{F2E85CBE-905D-4F1F-AB09-D2C0888A37E5}.Release|Any CPU.Build.0 = Release|Any CPU
		{C4D08B8E-49E3-4B64-AAE3-C792010F3F89}.Debug|Any CPU.ActiveCfg = Debug
		{C4D08B8E-49E3-4B64-AAE3-C792010F3F89}.Release|Any CPU.ActiveCfg = Release
		{8EB76C5D-EA4B-4825-9B03-D8CE7C96B220}.Debug|Any CPU.ActiveCfg = Debug|Any CPU
		{8EB76C5D-EA4B-4825-9B03-D8CE7C96B220}.Debug|Any CPU.Build.0 = Debug|Any CPU
		{8EB76C5D-EA4B-4825-9B03-D8CE7C96B220}.Release|Any CPU.ActiveCfg = Release|Any CPU
		{8EB76C5D-EA4B-4825-9B03-D8CE7C96B220}.Release|Any CPU.Build.0 = Release|Any CPU
		{830D1721-6C8A-47B5-A972-D92CE70FE7A8}.Debug|Any CPU.ActiveCfg = Debug|Any CPU
		{830D1721-6C8A-47B5-A972-D92CE70FE7A8}.Debug|Any CPU.Build.0 = Debug|Any CPU
		{830D1721-6C8A-47B5-A972-D92CE70FE7A8}.Release|Any CPU.ActiveCfg = Release|Any CPU
		{830D1721-6C8A-47B5-A972-D92CE70FE7A8}.Release|Any CPU.Build.0 = Release|Any CPU
	EndGlobalSection
	GlobalSection(SolutionProperties) = preSolution
		HideSolutionNode = FALSE
	EndGlobalSection
	GlobalSection(NestedProjects) = preSolution
		{5277007A-D6FD-4444-A2AC-2BE4FCFC53DF} = {712C4923-70CD-44B0-A5AD-2BC108ED8ED2}
		{91F0E319-FE15-402A-9ED1-093987D5381E} = {712C4923-70CD-44B0-A5AD-2BC108ED8ED2}
		{8B92B2CC-CE30-4E72-A273-764D8A7529F4} = {C8A1DE92-CCAB-4328-9200-849318661FDA}
		{C0B5DE04-3653-4BF0-953F-9A6C8137A0B4} = {712C4923-70CD-44B0-A5AD-2BC108ED8ED2}
		{1CCD508C-37ED-4178-80C2-065C76D5324D} = {50F4EE3E-D70C-4791-90B9-20CB48E6F508}
		{F2E85CBE-905D-4F1F-AB09-D2C0888A37E5} = {C8A1DE92-CCAB-4328-9200-849318661FDA}
		{C4D08B8E-49E3-4B64-AAE3-C792010F3F89} = {50F4EE3E-D70C-4791-90B9-20CB48E6F508}
		{8EB76C5D-EA4B-4825-9B03-D8CE7C96B220} = {712C4923-70CD-44B0-A5AD-2BC108ED8ED2}
		{830D1721-6C8A-47B5-A972-D92CE70FE7A8} = {C8A1DE92-CCAB-4328-9200-849318661FDA}
	EndGlobalSection
	GlobalSection(ExtensibilityGlobals) = postSolution
		SolutionGuid = {B527ABED-0A53-4F95-96F3-D7C75F713A97}
	EndGlobalSection
EndGlobal
